
Microsoft Visual Studio Solution File, Format Version 12.00
# Visual Studio Version 17
VisualStudioVersion = 17.7.34009.444
MinimumVisualStudioVersion = 10.0.40219.1
Project("{FAE04EC0-301F-11D3-BF4B-00C04F79EFBC}") = "HotelManagement", "HotelManagement.csproj", "{B2C5C2D9-B484-46F9-8FFA-885FB8C1342A}"
EndProject
Global
	GlobalSection(SolutionConfigurationPlatforms) = preSolution
		Debug|Any CPU = Debug|Any CPU
		Release|Any CPU = Release|Any CPU
	EndGlobalSection
	GlobalSection(ProjectConfigurationPlatforms) = postSolution
		{B2C5C2D9-B484-46F9-8FFA-885FB8C1342A}.Debug|Any CPU.ActiveCfg = Debug|Any CPU
		{B2C5C2D9-B484-46F9-8FFA-885FB8C1342A}.Debug|Any CPU.Build.0 = Debug|Any CPU
		{B2C5C2D9-B484-46F9-8FFA-885FB8C1342A}.Release|Any CPU.ActiveCfg = Release|Any CPU
		{B2C5C2D9-B484-46F9-8FFA-885FB8C1342A}.Release|Any CPU.Build.0 = Release|Any CPU
	EndGlobalSection
	GlobalSection(SolutionProperties) = preSolution
		HideSolutionNode = FALSE
	EndGlobalSection
	GlobalSection(ExtensibilityGlobals) = postSolution
		SolutionGuid = {F395A076-795F-4E45-97E7-871ABC7165A8}
	EndGlobalSection
EndGlobal
